
Microsoft Visual Studio Solution File, Format Version 12.00
# Visual Studio 14
VisualStudioVersion = 14.0.25123.0
MinimumVisualStudioVersion = 10.0.40219.1
Project("{FAE04EC0-301F-11D3-BF4B-00C04F79EFBC}") = "NoSqlCoffee.Domain", "NoSqlCoffee.Domain\NoSqlCoffee.Domain.csproj", "{D2AF6AC9-D402-42B2-8485-F645AFAC4D0D}"
EndProject
Project("{FAE04EC0-301F-11D3-BF4B-00C04F79EFBC}") = "NoSqlCoffee.Tests", "NoSqlCoffee.Tests\NoSqlCoffee.Tests.csproj", "{E8F91E5D-7140-420B-9A93-73531E02B4C6}"
EndProject
Project("{FAE04EC0-301F-11D3-BF4B-00C04F79EFBC}") = "NoSqlCoffee.Infrastructure", "NoSqlCoffee.Infrastructure\NoSqlCoffee.Infrastructure.csproj", "{85FE70CE-0853-4E5E-A35A-D7200C7B7440}"
EndProject
Global
	GlobalSection(SolutionConfigurationPlatforms) = preSolution
		Debug|Any CPU = Debug|Any CPU
		Release|Any CPU = Release|Any CPU
	EndGlobalSection
	GlobalSection(ProjectConfigurationPlatforms) = postSolution
		{D2AF6AC9-D402-42B2-8485-F645AFAC4D0D}.Debug|Any CPU.ActiveCfg = Debug|Any CPU
		{D2AF6AC9-D402-42B2-8485-F645AFAC4D0D}.Debug|Any CPU.Build.0 = Debug|Any CPU
		{D2AF6AC9-D402-42B2-8485-F645AFAC4D0D}.Release|Any CPU.ActiveCfg = Release|Any CPU
		{D2AF6AC9-D402-42B2-8485-F645AFAC4D0D}.Release|Any CPU.Build.0 = Release|Any CPU
		{E8F91E5D-7140-420B-9A93-73531E02B4C6}.Debug|Any CPU.ActiveCfg = Debug|Any CPU
		{E8F91E5D-7140-420B-9A93-73531E02B4C6}.Debug|Any CPU.Build.0 = Debug|Any CPU
		{E8F91E5D-7140-420B-9A93-73531E02B4C6}.Release|Any CPU.ActiveCfg = Release|Any CPU
		{E8F91E5D-7140-420B-9A93-73531E02B4C6}.Release|Any CPU.Build.0 = Release|Any CPU
		{85FE70CE-0853-4E5E-A35A-D7200C7B7440}.Debug|Any CPU.ActiveCfg = Debug|Any CPU
		{85FE70CE-0853-4E5E-A35A-D7200C7B7440}.Debug|Any CPU.Build.0 = Debug|Any CPU
		{85FE70CE-0853-4E5E-A35A-D7200C7B7440}.Release|Any CPU.ActiveCfg = Release|Any CPU
		{85FE70CE-0853-4E5E-A35A-D7200C7B7440}.Release|Any CPU.Build.0 = Release|Any CPU
	EndGlobalSection
	GlobalSection(SolutionProperties) = preSolution
		HideSolutionNode = FALSE
	EndGlobalSection
EndGlobal
